
Microsoft Visual Studio Solution File, Format Version 12.00
# Visual Studio Version 17
VisualStudioVersion = 17.14.36915.13 d17.14
MinimumVisualStudioVersion = 10.0.40219.1
Project("{FAE04EC0-301F-11D3-BF4B-00C04F79EFBC}") = "Raphael", "Raphael\Raphael.csproj", "{F07E943F-BC67-44AE-8CD1-906288DDC947}"
EndProject
Global
	GlobalSection(SolutionConfigurationPlatforms) = preSolution
		Debug|Any CPU = Debug|Any CPU
		Release|Any CPU = Release|Any CPU
	EndGlobalSection
	GlobalSection(ProjectConfigurationPlatforms) = postSolution
		{F07E943F-BC67-44AE-8CD1-906288DDC947}.Debug|Any CPU.ActiveCfg = Debug|Any CPU
		{F07E943F-BC67-44AE-8CD1-906288DDC947}.Debug|Any CPU.Build.0 = Debug|Any CPU
		{F07E943F-BC67-44AE-8CD1-906288DDC947}.Release|Any CPU.ActiveCfg = Release|Any CPU
		{F07E943F-BC67-44AE-8CD1-906288DDC947}.Release|Any CPU.Build.0 = Release|Any CPU
	EndGlobalSection
	GlobalSection(SolutionProperties) = preSolution
		HideSolutionNode = FALSE
	EndGlobalSection
	GlobalSection(ExtensibilityGlobals) = postSolution
		SolutionGuid = {912ACCB0-8028-459B-BB78-D31644BEB889}
	EndGlobalSection
EndGlobal
